// !$*UTF8*$!
{
	archiveVersion = 1;
	classes = {
	};
	objectVersion = 50;
	objects = {

/* Begin PBXBuildFile section */
		660248D825F7A395002CF723 /* UIViewController.swift in Sources */ = {isa = PBXBuildFile; fileRef = 660248D725F7A395002CF723 /* UIViewController.swift */; };
		660248DB25F7A3B2002CF723 /* UIColor.swift in Sources */ = {isa = PBXBuildFile; fileRef = 660248DA25F7A3B2002CF723 /* UIColor.swift */; };
		660248DE25F7A3D3002CF723 /* UIView.swift in Sources */ = {isa = PBXBuildFile; fileRef = 660248DD25F7A3D3002CF723 /* UIView.swift */; };
		660248EC25F7B43A002CF723 /* GoogleService-Info.plist in Resources */ = {isa = PBXBuildFile; fileRef = 660248EB25F7B43A002CF723 /* GoogleService-Info.plist */; };
		660EFE3F25CEC812003D49C9 /* CustomTextFiled.swift in Sources */ = {isa = PBXBuildFile; fileRef = 660EFE3E25CEC812003D49C9 /* CustomTextFiled.swift */; };
		661632B125BDC6AB002E119A /* AppDelegate.swift in Sources */ = {isa = PBXBuildFile; fileRef = 661632B025BDC6AB002E119A /* AppDelegate.swift */; };
		661632B325BDC6AB002E119A /* SceneDelegate.swift in Sources */ = {isa = PBXBuildFile; fileRef = 661632B225BDC6AB002E119A /* SceneDelegate.swift */; };
		661632B825BDC6AB002E119A /* Main.storyboard in Resources */ = {isa = PBXBuildFile; fileRef = 661632B625BDC6AB002E119A /* Main.storyboard */; };
		661632BA25BDC6AE002E119A /* Assets.xcassets in Resources */ = {isa = PBXBuildFile; fileRef = 661632B925BDC6AE002E119A /* Assets.xcassets */; };
		661632BD25BDC6AE002E119A /* LaunchScreen.storyboard in Resources */ = {isa = PBXBuildFile; fileRef = 661632BB25BDC6AE002E119A /* LaunchScreen.storyboard */; };
		661632D025BDC86D002E119A /* HomeController.swift in Sources */ = {isa = PBXBuildFile; fileRef = 661632CF25BDC86D002E119A /* HomeController.swift */; };
		661C0CFB25CE5584001A68D4 /* LoginController.swift in Sources */ = {isa = PBXBuildFile; fileRef = 661C0CFA25CE5584001A68D4 /* LoginController.swift */; };
		661C0CFE25CE559A001A68D4 /* SignUpController.swift in Sources */ = {isa = PBXBuildFile; fileRef = 661C0CFD25CE559A001A68D4 /* SignUpController.swift */; };
		6624BAB325DD71CE005E3538 /* AuthenticationViewModel.swift in Sources */ = {isa = PBXBuildFile; fileRef = 6624BAB225DD71CE005E3538 /* AuthenticationViewModel.swift */; };
		665DE51D25BFEABF008353ED /* BottomControlsStackView.swift in Sources */ = {isa = PBXBuildFile; fileRef = 665DE51C25BFEABF008353ED /* BottomControlsStackView.swift */; };
		6667782525CA784100C167D9 /* User.swift in Sources */ = {isa = PBXBuildFile; fileRef = 6667782425CA784100C167D9 /* User.swift */; };
		6667782825CA7A1100C167D9 /* CardViewModel.swift in Sources */ = {isa = PBXBuildFile; fileRef = 6667782725CA7A1100C167D9 /* CardViewModel.swift */; };
		6687674925DBC36A008469F1 /* AuthButton.swift in Sources */ = {isa = PBXBuildFile; fileRef = 6687674825DBC36A008469F1 /* AuthButton.swift */; };
		66BAF0D725BEA6F100B380A1 /* HomeNavigationStackView.swift in Sources */ = {isa = PBXBuildFile; fileRef = 66BAF0D625BEA6F000B380A1 /* HomeNavigationStackView.swift */; };
		66C1538D25C151D90029C2AC /* CardView.swift in Sources */ = {isa = PBXBuildFile; fileRef = 66C1538C25C151D90029C2AC /* CardView.swift */; };
/* End PBXBuildFile section */

/* Begin PBXFileReference section */
		660248D725F7A395002CF723 /* UIViewController.swift */ = {isa = PBXFileReference; lastKnownFileType = sourcecode.swift; path = UIViewController.swift; sourceTree = "<group>"; };
		660248DA25F7A3B2002CF723 /* UIColor.swift */ = {isa = PBXFileReference; lastKnownFileType = sourcecode.swift; path = UIColor.swift; sourceTree = "<group>"; };
		660248DD25F7A3D3002CF723 /* UIView.swift */ = {isa = PBXFileReference; lastKnownFileType = sourcecode.swift; path = UIView.swift; sourceTree = "<group>"; };
		660248EB25F7B43A002CF723 /* GoogleService-Info.plist */ = {isa = PBXFileReference; fileEncoding = 4; lastKnownFileType = text.plist.xml; path = "GoogleService-Info.plist"; sourceTree = "<group>"; };
		660EFE3E25CEC812003D49C9 /* CustomTextFiled.swift */ = {isa = PBXFileReference; lastKnownFileType = sourcecode.swift; path = CustomTextFiled.swift; sourceTree = "<group>"; };
		661632AD25BDC6AB002E119A /* DreamMeeting.app */ = {isa = PBXFileReference; explicitFileType = wrapper.application; includeInIndex = 0; path = DreamMeeting.app; sourceTree = BUILT_PRODUCTS_DIR; };
		661632B025BDC6AB002E119A /* AppDelegate.swift */ = {isa = PBXFileReference; lastKnownFileType = sourcecode.swift; path = AppDelegate.swift; sourceTree = "<group>"; };
		661632B225BDC6AB002E119A /* SceneDelegate.swift */ = {isa = PBXFileReference; lastKnownFileType = sourcecode.swift; path = SceneDelegate.swift; sourceTree = "<group>"; };
		661632B725BDC6AB002E119A /* Base */ = {isa = PBXFileReference; lastKnownFileType = file.storyboard; name = Base; path = Base.lproj/Main.storyboard; sourceTree = "<group>"; };
		661632B925BDC6AE002E119A /* Assets.xcassets */ = {isa = PBXFileReference; lastKnownFileType = folder.assetcatalog; path = Assets.xcassets; sourceTree = "<group>"; };
		661632BC25BDC6AE002E119A /* Base */ = {isa = PBXFileReference; lastKnownFileType = file.storyboard; name = Base; path = Base.lproj/LaunchScreen.storyboard; sourceTree = "<group>"; };
		661632BE25BDC6AE002E119A /* Info.plist */ = {isa = PBXFileReference; lastKnownFileType = text.plist.xml; path = Info.plist; sourceTree = "<group>"; };
		661632CF25BDC86D002E119A /* HomeController.swift */ = {isa = PBXFileReference; lastKnownFileType = sourcecode.swift; path = HomeController.swift; sourceTree = "<group>"; };
		661C0CFA25CE5584001A68D4 /* LoginController.swift */ = {isa = PBXFileReference; lastKnownFileType = sourcecode.swift; path = LoginController.swift; sourceTree = "<group>"; };
		661C0CFD25CE559A001A68D4 /* SignUpController.swift */ = {isa = PBXFileReference; lastKnownFileType = sourcecode.swift; path = SignUpController.swift; sourceTree = "<group>"; };
		6624BAB225DD71CE005E3538 /* AuthenticationViewModel.swift */ = {isa = PBXFileReference; lastKnownFileType = sourcecode.swift; path = AuthenticationViewModel.swift; sourceTree = "<group>"; };
		665DE51C25BFEABF008353ED /* BottomControlsStackView.swift */ = {isa = PBXFileReference; lastKnownFileType = sourcecode.swift; path = BottomControlsStackView.swift; sourceTree = "<group>"; };
		6667782425CA784100C167D9 /* User.swift */ = {isa = PBXFileReference; lastKnownFileType = sourcecode.swift; path = User.swift; sourceTree = "<group>"; };
		6667782725CA7A1100C167D9 /* CardViewModel.swift */ = {isa = PBXFileReference; lastKnownFileType = sourcecode.swift; path = CardViewModel.swift; sourceTree = "<group>"; };
		6687674825DBC36A008469F1 /* AuthButton.swift */ = {isa = PBXFileReference; lastKnownFileType = sourcecode.swift; path = AuthButton.swift; sourceTree = "<group>"; };
		66BAF0D625BEA6F000B380A1 /* HomeNavigationStackView.swift */ = {isa = PBXFileReference; lastKnownFileType = sourcecode.swift; path = HomeNavigationStackView.swift; sourceTree = "<group>"; };
		66C1538C25C151D90029C2AC /* CardView.swift */ = {isa = PBXFileReference; lastKnownFileType = sourcecode.swift; path = CardView.swift; sourceTree = "<group>"; };
/* End PBXFileReference section */

/* Begin PBXFrameworksBuildPhase section */
		661632AA25BDC6AB002E119A /* Frameworks */ = {
			isa = PBXFrameworksBuildPhase;
			buildActionMask = 2147483647;
			files = (
			);
			runOnlyForDeploymentPostprocessing = 0;
		};
/* End PBXFrameworksBuildPhase section */

/* Begin PBXGroup section */
		660248D325F7A344002CF723 /* Extensions */ = {
			isa = PBXGroup;
			children = (
				660248D725F7A395002CF723 /* UIViewController.swift */,
				660248DA25F7A3B2002CF723 /* UIColor.swift */,
				660248DD25F7A3D3002CF723 /* UIView.swift */,
			);
			path = Extensions;
			sourceTree = "<group>";
		};
		660248D425F7A353002CF723 /* Protocols */ = {
			isa = PBXGroup;
			children = (
				660248D525F7A35D002CF723 /* Delegates */,
			);
			path = Protocols;
			sourceTree = "<group>";
		};
		660248D525F7A35D002CF723 /* Delegates */ = {
			isa = PBXGroup;
			children = (
				661632B025BDC6AB002E119A /* AppDelegate.swift */,
				661632B225BDC6AB002E119A /* SceneDelegate.swift */,
			);
			path = Delegates;
			sourceTree = "<group>";
		};
		660248E125F7A436002CF723 /* Subclasses */ = {
			isa = PBXGroup;
			children = (
				660EFE3E25CEC812003D49C9 /* CustomTextFiled.swift */,
				6687674825DBC36A008469F1 /* AuthButton.swift */,
			);
			path = Subclasses;
			sourceTree = "<group>";
		};
		660248E625F7AA7F002CF723 /* Utilities */ = {
			isa = PBXGroup;
			children = (
				660248EB25F7B43A002CF723 /* GoogleService-Info.plist */,
				661632B925BDC6AE002E119A /* Assets.xcassets */,
				661632BE25BDC6AE002E119A /* Info.plist */,
			);
			path = Utilities;
			sourceTree = "<group>";
		};
		660248E725F7AABD002CF723 /* Screenshots */ = {
			isa = PBXGroup;
			children = (
			);
			path = Screenshots;
			sourceTree = "<group>";
		};
		661632A425BDC6AB002E119A = {
			isa = PBXGroup;
			children = (
				661632AF25BDC6AB002E119A /* DreamMeeting */,
				661632AE25BDC6AB002E119A /* Products */,
			);
			sourceTree = "<group>";
		};
		661632AE25BDC6AB002E119A /* Products */ = {
			isa = PBXGroup;
			children = (
				661632AD25BDC6AB002E119A /* DreamMeeting.app */,
			);
			name = Products;
			sourceTree = "<group>";
		};
		661632AF25BDC6AB002E119A /* DreamMeeting */ = {
			isa = PBXGroup;
			children = (
				661632CB25BDC7BA002E119A /* Model */,
				661632CA25BDC7B4002E119A /* View */,
				661632C825BDC7A7002E119A /* ViewModel */,
				661632C725BDC79D002E119A /* Controller */,
				661632C625BDC78E002E119A /* Service */,
				661632C525BDC785002E119A /* Helpers */,
			);
			path = DreamMeeting;
			sourceTree = "<group>";
		};
		661632C525BDC785002E119A /* Helpers */ = {
			isa = PBXGroup;
			children = (
				660248D425F7A353002CF723 /* Protocols */,
				660248D325F7A344002CF723 /* Extensions */,
				660248E725F7AABD002CF723 /* Screenshots */,
				660248E125F7A436002CF723 /* Subclasses */,
				660248E625F7AA7F002CF723 /* Utilities */,
			);
			path = Helpers;
			sourceTree = "<group>";
		};
		661632C625BDC78E002E119A /* Service */ = {
			isa = PBXGroup;
			children = (
			);
			path = Service;
			sourceTree = "<group>";
		};
		661632C725BDC79D002E119A /* Controller */ = {
			isa = PBXGroup;
			children = (
				661C0CF925CE5561001A68D4 /* Authentication */,
				661632CF25BDC86D002E119A /* HomeController.swift */,
			);
			path = Controller;
			sourceTree = "<group>";
		};
		661632C825BDC7A7002E119A /* ViewModel */ = {
			isa = PBXGroup;
			children = (
				6667782725CA7A1100C167D9 /* CardViewModel.swift */,
				6624BAB225DD71CE005E3538 /* AuthenticationViewModel.swift */,
			);
			path = ViewModel;
			sourceTree = "<group>";
		};
		661632CA25BDC7B4002E119A /* View */ = {
			isa = PBXGroup;
			children = (
				66BAF0D625BEA6F000B380A1 /* HomeNavigationStackView.swift */,
				665DE51C25BFEABF008353ED /* BottomControlsStackView.swift */,
				66C1538C25C151D90029C2AC /* CardView.swift */,
				661632BB25BDC6AE002E119A /* LaunchScreen.storyboard */,
				661632B625BDC6AB002E119A /* Main.storyboard */,
			);
			path = View;
			sourceTree = "<group>";
		};
		661632CB25BDC7BA002E119A /* Model */ = {
			isa = PBXGroup;
			children = (
				6667782425CA784100C167D9 /* User.swift */,
			);
			path = Model;
			sourceTree = "<group>";
		};
		661C0CF925CE5561001A68D4 /* Authentication */ = {
			isa = PBXGroup;
			children = (
				661C0CFA25CE5584001A68D4 /* LoginController.swift */,
				661C0CFD25CE559A001A68D4 /* SignUpController.swift */,
			);
			path = Authentication;
			sourceTree = "<group>";
		};
/* End PBXGroup section */

/* Begin PBXNativeTarget section */
		661632AC25BDC6AB002E119A /* DreamMeeting */ = {
			isa = PBXNativeTarget;
			buildConfigurationList = 661632C125BDC6AE002E119A /* Build configuration list for PBXNativeTarget "DreamMeeting" */;
			buildPhases = (
				661632A925BDC6AB002E119A /* Sources */,
				661632AA25BDC6AB002E119A /* Frameworks */,
				661632AB25BDC6AB002E119A /* Resources */,
			);
			buildRules = (
			);
			dependencies = (
			);
			name = DreamMeeting;
			productName = DreamMeeting;
			productReference = 661632AD25BDC6AB002E119A /* DreamMeeting.app */;
			productType = "com.apple.product-type.application";
		};
/* End PBXNativeTarget section */

/* Begin PBXProject section */
		661632A525BDC6AB002E119A /* Project object */ = {
			isa = PBXProject;
			attributes = {
				LastSwiftUpdateCheck = 1230;
				LastUpgradeCheck = 1230;
				TargetAttributes = {
					661632AC25BDC6AB002E119A = {
						CreatedOnToolsVersion = 12.3;
					};
				};
			};
			buildConfigurationList = 661632A825BDC6AB002E119A /* Build configuration list for PBXProject "DreamMeeting" */;
			compatibilityVersion = "Xcode 9.3";
			developmentRegion = en;
			hasScannedForEncodings = 0;
			knownRegions = (
				en,
				Base,
			);
			mainGroup = 661632A425BDC6AB002E119A;
			productRefGroup = 661632AE25BDC6AB002E119A /* Products */;
			projectDirPath = "";
			projectRoot = "";
			targets = (
				661632AC25BDC6AB002E119A /* DreamMeeting */,
			);
		};
/* End PBXProject section */

/* Begin PBXResourcesBuildPhase section */
		661632AB25BDC6AB002E119A /* Resources */ = {
			isa = PBXResourcesBuildPhase;
			buildActionMask = 2147483647;
			files = (
				661632BD25BDC6AE002E119A /* LaunchScreen.storyboard in Resources */,
				660248EC25F7B43A002CF723 /* GoogleService-Info.plist in Resources */,
				661632BA25BDC6AE002E119A /* Assets.xcassets in Resources */,
				661632B825BDC6AB002E119A /* Main.storyboard in Resources */,
			);
			runOnlyForDeploymentPostprocessing = 0;
		};
/* End PBXResourcesBuildPhase section */

/* Begin PBXSourcesBuildPhase section */
		661632A925BDC6AB002E119A /* Sources */ = {
			isa = PBXSourcesBuildPhase;
			buildActionMask = 2147483647;
			files = (
				660EFE3F25CEC812003D49C9 /* CustomTextFiled.swift in Sources */,
				6687674925DBC36A008469F1 /* AuthButton.swift in Sources */,
				6624BAB325DD71CE005E3538 /* AuthenticationViewModel.swift in Sources */,
				66C1538D25C151D90029C2AC /* CardView.swift in Sources */,
				665DE51D25BFEABF008353ED /* BottomControlsStackView.swift in Sources */,
				660248DB25F7A3B2002CF723 /* UIColor.swift in Sources */,
				661632B125BDC6AB002E119A /* AppDelegate.swift in Sources */,
				661632B325BDC6AB002E119A /* SceneDelegate.swift in Sources */,
				6667782525CA784100C167D9 /* User.swift in Sources */,
				66BAF0D725BEA6F100B380A1 /* HomeNavigationStackView.swift in Sources */,
				661C0CFE25CE559A001A68D4 /* SignUpController.swift in Sources */,
				661632D025BDC86D002E119A /* HomeController.swift in Sources */,
				660248DE25F7A3D3002CF723 /* UIView.swift in Sources */,
				6667782825CA7A1100C167D9 /* CardViewModel.swift in Sources */,
				661C0CFB25CE5584001A68D4 /* LoginController.swift in Sources */,
				660248D825F7A395002CF723 /* UIViewController.swift in Sources */,
			);
			runOnlyForDeploymentPostprocessing = 0;
		};
/* End PBXSourcesBuildPhase section */

/* Begin PBXVariantGroup section */
		661632B625BDC6AB002E119A /* Main.storyboard */ = {
			isa = PBXVariantGroup;
			children = (
				661632B725BDC6AB002E119A /* Base */,
			);
			name = Main.storyboard;
			sourceTree = "<group>";
		};
		661632BB25BDC6AE002E119A /* LaunchScreen.storyboard */ = {
			isa = PBXVariantGroup;
			children = (
				661632BC25BDC6AE002E119A /* Base */,
			);
			name = LaunchScreen.storyboard;
			sourceTree = "<group>";
		};
/* End PBXVariantGroup section */

/* Begin XCBuildConfiguration section */
		661632BF25BDC6AE002E119A /* Debug */ = {
			isa = XCBuildConfiguration;
			buildSettings = {
				ALWAYS_SEARCH_USER_PATHS = NO;
				CLANG_ANALYZER_NONNULL = YES;
				CLANG_ANALYZER_NUMBER_OBJECT_CONVERSION = YES_AGGRESSIVE;
				CLANG_CXX_LANGUAGE_STANDARD = "gnu++14";
				CLANG_CXX_LIBRARY = "libc++";
				CLANG_ENABLE_MODULES = YES;
				CLANG_ENABLE_OBJC_ARC = YES;
				CLANG_ENABLE_OBJC_WEAK = YES;
				CLANG_WARN_BLOCK_CAPTURE_AUTORELEASING = YES;
				CLANG_WARN_BOOL_CONVERSION = YES;
				CLANG_WARN_COMMA = YES;
				CLANG_WARN_CONSTANT_CONVERSION = YES;
				CLANG_WARN_DEPRECATED_OBJC_IMPLEMENTATIONS = YES;
				CLANG_WARN_DIRECT_OBJC_ISA_USAGE = YES_ERROR;
				CLANG_WARN_DOCUMENTATION_COMMENTS = YES;
				CLANG_WARN_EMPTY_BODY = YES;
				CLANG_WARN_ENUM_CONVERSION = YES;
				CLANG_WARN_INFINITE_RECURSION = YES;
				CLANG_WARN_INT_CONVERSION = YES;
				CLANG_WARN_NON_LITERAL_NULL_CONVERSION = YES;
				CLANG_WARN_OBJC_IMPLICIT_RETAIN_SELF = YES;
				CLANG_WARN_OBJC_LITERAL_CONVERSION = YES;
				CLANG_WARN_OBJC_ROOT_CLASS = YES_ERROR;
				CLANG_WARN_QUOTED_INCLUDE_IN_FRAMEWORK_HEADER = YES;
				CLANG_WARN_RANGE_LOOP_ANALYSIS = YES;
				CLANG_WARN_STRICT_PROTOTYPES = YES;
				CLANG_WARN_SUSPICIOUS_MOVE = YES;
				CLANG_WARN_UNGUARDED_AVAILABILITY = YES_AGGRESSIVE;
				CLANG_WARN_UNREACHABLE_CODE = YES;
				CLANG_WARN__DUPLICATE_METHOD_MATCH = YES;
				COPY_PHASE_STRIP = NO;
				DEBUG_INFORMATION_FORMAT = dwarf;
				ENABLE_STRICT_OBJC_MSGSEND = YES;
				ENABLE_TESTABILITY = YES;
				GCC_C_LANGUAGE_STANDARD = gnu11;
				GCC_DYNAMIC_NO_PIC = NO;
				GCC_NO_COMMON_BLOCKS = YES;
				GCC_OPTIMIZATION_LEVEL = 0;
				GCC_PREPROCESSOR_DEFINITIONS = (
					"DEBUG=1",
					"$(inherited)",
				);
				GCC_WARN_64_TO_32_BIT_CONVERSION = YES;
				GCC_WARN_ABOUT_RETURN_TYPE = YES_ERROR;
				GCC_WARN_UNDECLARED_SELECTOR = YES;
				GCC_WARN_UNINITIALIZED_AUTOS = YES_AGGRESSIVE;
				GCC_WARN_UNUSED_FUNCTION = YES;
				GCC_WARN_UNUSED_VARIABLE = YES;
				IPHONEOS_DEPLOYMENT_TARGET = 13.0;
				MTL_ENABLE_DEBUG_INFO = INCLUDE_SOURCE;
				MTL_FAST_MATH = YES;
				ONLY_ACTIVE_ARCH = YES;
				SDKROOT = iphoneos;
				SWIFT_ACTIVE_COMPILATION_CONDITIONS = DEBUG;
				SWIFT_OPTIMIZATION_LEVEL = "-Onone";
			};
			name = Debug;
		};
		661632C025BDC6AE002E119A /* Release */ = {
			isa = XCBuildConfiguration;
			buildSettings = {
				ALWAYS_SEARCH_USER_PATHS = NO;
				CLANG_ANALYZER_NONNULL = YES;
				CLANG_ANALYZER_NUMBER_OBJECT_CONVERSION = YES_AGGRESSIVE;
				CLANG_CXX_LANGUAGE_STANDARD = "gnu++14";
				CLANG_CXX_LIBRARY = "libc++";
				CLANG_ENABLE_MODULES = YES;
				CLANG_ENABLE_OBJC_ARC = YES;
				CLANG_ENABLE_OBJC_WEAK = YES;
				CLANG_WARN_BLOCK_CAPTURE_AUTORELEASING = YES;
				CLANG_WARN_BOOL_CONVERSION = YES;
				CLANG_WARN_COMMA = YES;
				CLANG_WARN_CONSTANT_CONVERSION = YES;
				CLANG_WARN_DEPRECATED_OBJC_IMPLEMENTATIONS = YES;
				CLANG_WARN_DIRECT_OBJC_ISA_USAGE = YES_ERROR;
				CLANG_WARN_DOCUMENTATION_COMMENTS = YES;
				CLANG_WARN_EMPTY_BODY = YES;
				CLANG_WARN_ENUM_CONVERSION = YES;
				CLANG_WARN_INFINITE_RECURSION = YES;
				CLANG_WARN_INT_CONVERSION = YES;
				CLANG_WARN_NON_LITERAL_NULL_CONVERSION = YES;
				CLANG_WARN_OBJC_IMPLICIT_RETAIN_SELF = YES;
				CLANG_WARN_OBJC_LITERAL_CONVERSION = YES;
				CLANG_WARN_OBJC_ROOT_CLASS = YES_ERROR;
				CLANG_WARN_QUOTED_INCLUDE_IN_FRAMEWORK_HEADER = YES;
				CLANG_WARN_RANGE_LOOP_ANALYSIS = YES;
				CLANG_WARN_STRICT_PROTOTYPES = YES;
				CLANG_WARN_SUSPICIOUS_MOVE = YES;
				CLANG_WARN_UNGUARDED_AVAILABILITY = YES_AGGRESSIVE;
				CLANG_WARN_UNREACHABLE_CODE = YES;
				CLANG_WARN__DUPLICATE_METHOD_MATCH = YES;
				COPY_PHASE_STRIP = NO;
				DEBUG_INFORMATION_FORMAT = "dwarf-with-dsym";
				ENABLE_NS_ASSERTIONS = NO;
				ENABLE_STRICT_OBJC_MSGSEND = YES;
				GCC_C_LANGUAGE_STANDARD = gnu11;
				GCC_NO_COMMON_BLOCKS = YES;
				GCC_WARN_64_TO_32_BIT_CONVERSION = YES;
				GCC_WARN_ABOUT_RETURN_TYPE = YES_ERROR;
				GCC_WARN_UNDECLARED_SELECTOR = YES;
				GCC_WARN_UNINITIALIZED_AUTOS = YES_AGGRESSIVE;
				GCC_WARN_UNUSED_FUNCTION = YES;
				GCC_WARN_UNUSED_VARIABLE = YES;
				IPHONEOS_DEPLOYMENT_TARGET = 13.0;
				MTL_ENABLE_DEBUG_INFO = NO;
				MTL_FAST_MATH = YES;
				SDKROOT = iphoneos;
				SWIFT_COMPILATION_MODE = wholemodule;
				SWIFT_OPTIMIZATION_LEVEL = "-O";
				VALIDATE_PRODUCT = YES;
			};
			name = Release;
		};
		661632C225BDC6AE002E119A /* Debug */ = {
			isa = XCBuildConfiguration;
			buildSettings = {
				ASSETCATALOG_COMPILER_APPICON_NAME = AppIcon;
				ASSETCATALOG_COMPILER_GLOBAL_ACCENT_COLOR_NAME = AccentColor;
				CODE_SIGN_STYLE = Automatic;
				DEVELOPMENT_TEAM = 5GWB2H668N;
				INFOPLIST_FILE = DreamMeeting/Helpers/Utilities/Info.plist;
				IPHONEOS_DEPLOYMENT_TARGET = 13.0;
				LD_RUNPATH_SEARCH_PATHS = (
					"$(inherited)",
					"@executable_path/Frameworks",
				);
				PRODUCT_BUNDLE_IDENTIFIER = ru.zamprog.DreamMeeting;
				PRODUCT_NAME = "$(TARGET_NAME)";
				SWIFT_VERSION = 5.0;
				TARGETED_DEVICE_FAMILY = 1;
			};
			name = Debug;
		};
		661632C325BDC6AE002E119A /* Release */ = {
			isa = XCBuildConfiguration;
			buildSettings = {
				ASSETCATALOG_COMPILER_APPICON_NAME = AppIcon;
				ASSETCATALOG_COMPILER_GLOBAL_ACCENT_COLOR_NAME = AccentColor;
				CODE_SIGN_STYLE = Automatic;
				DEVELOPMENT_TEAM = 5GWB2H668N;
				INFOPLIST_FILE = DreamMeeting/Helpers/Utilities/Info.plist;
				IPHONEOS_DEPLOYMENT_TARGET = 13.0;
				LD_RUNPATH_SEARCH_PATHS = (
					"$(inherited)",
					"@executable_path/Frameworks",
				);
				PRODUCT_BUNDLE_IDENTIFIER = ru.zamprog.DreamMeeting;
				PRODUCT_NAME = "$(TARGET_NAME)";
				SWIFT_VERSION = 5.0;
				TARGETED_DEVICE_FAMILY = 1;
			};
			name = Release;
		};
/* End XCBuildConfiguration section */

/* Begin XCConfigurationList section */
		661632A825BDC6AB002E119A /* Build configuration list for PBXProject "DreamMeeting" */ = {
			isa = XCConfigurationList;
			buildConfigurations = (
				661632BF25BDC6AE002E119A /* Debug */,
				661632C025BDC6AE002E119A /* Release */,
			);
			defaultConfigurationIsVisible = 0;
			defaultConfigurationName = Release;
		};
		661632C125BDC6AE002E119A /* Build configuration list for PBXNativeTarget "DreamMeeting" */ = {
			isa = XCConfigurationList;
			buildConfigurations = (
				661632C225BDC6AE002E119A /* Debug */,
				661632C325BDC6AE002E119A /* Release */,
			);
			defaultConfigurationIsVisible = 0;
			defaultConfigurationName = Release;
		};
/* End XCConfigurationList section */
	};
	rootObject = 661632A525BDC6AB002E119A /* Project object */;
}
